<?xml version="1.0" encoding="utf-8"?>
<Project ToolsVersion="4.0" xmlns="http://schemas.microsoft.com/developer/msbuild/2003">
  <ItemGroup>
    <Filter Include="Файлы исходного кода">
      <UniqueIdentifier>{4FC737F1-C7A5-4376-A066-2A32D752A2FF}</UniqueIdentifier>
      <Extensions>cpp;c;cc;cxx;def;odl;idl;hpj;bat;asm;asmx</Extensions>
    </Filter>
    <Filter Include="Заголовочные файлы">
      <UniqueIdentifier>{93995380-89BD-4b04-88EB-625FBE52EBFB}</UniqueIdentifier>
      <Extensions>h;hh;hpp;hxx;hm;inl;inc;xsd</Extensions>
    </Filter>
    <Filter Include="Файлы ресурсов">
      <UniqueIdentifier>{67DA6AB6-F800-4c08-8B7A-83BB121AAD01}</UniqueIdentifier>
      <Extensions>rc;ico;cur;bmp;dlg;rc2;rct;bin;rgs;gif;jpg;jpeg;jpe;resx;tiff;tif;png;wav;mfcribbon-ms</Extensions>
    </Filter>
    <Filter Include="Заголовочные файлы\Concepts">
      <UniqueIdentifier>{7050c7af-cabf-4cdf-ac95-435c37f01a7b}</UniqueIdentifier>
    </Filter>
    <Filter Include="Заголовочные файлы\Algorithms">
      <UniqueIdentifier>{8d716a3a-c84d-42cd-b0f8-d30df6fcc9e0}</UniqueIdentifier>
    </Filter>
  </ItemGroup>
  <ItemGroup>
    <ClCompile Include="main.cpp">
      <Filter>Файлы исходного кода</Filter>
    </ClCompile>
  </ItemGroup>
  <ItemGroup>
    <ClInclude Include="..\..\include\MetaCFD\Concepts\CellComplex.hpp">
      <Filter>Заголовочные файлы\Concepts</Filter>
    </ClInclude>
    <ClInclude Include="..\..\include\MetaCFD\Concepts\Polytope.hpp">
      <Filter>Заголовочные файлы\Concepts</Filter>
    </ClInclude>
    <ClInclude Include="..\..\include\MetaCFD\Concepts\Tensor.hpp">
      <Filter>Заголовочные файлы\Concepts</Filter>
    </ClInclude>
    <ClInclude Include="..\..\include\MetaCFD\Concepts\TensorField.hpp">
      <Filter>Заголовочные файлы\Concepts</Filter>
    </ClInclude>
    <ClInclude Include="..\..\include\MetaCFD\Concepts\Quantity.hpp">
      <Filter>Заголовочные файлы\Concepts</Filter>
    </ClInclude>
    <ClInclude Include="..\..\include\MetaCFD\Concepts\VectorQuantity.hpp">
      <Filter>Заголовочные файлы\Concepts</Filter>
    </ClInclude>
    <ClInclude Include="..\..\include\MetaCFD\Concepts\Vector.hpp">
      <Filter>Заголовочные файлы\Concepts</Filter>
    </ClInclude>
    <ClInclude Include="..\..\include\MetaCFD\metacfd.hpp">
      <Filter>Заголовочные файлы</Filter>
    </ClInclude>
    <ClInclude Include="..\..\include\MetaCFD\Concepts\OutputProvider.hpp">
      <Filter>Заголовочные файлы\Concepts</Filter>
    </ClInclude>
    <ClInclude Include="..\..\include\MetaCFD\Concepts\Manifold.hpp">
      <Filter>Заголовочные файлы\Concepts</Filter>
    </ClInclude>
    <ClInclude Include="..\..\include\MetaCFD\Concepts\Default.hpp">
      <Filter>Заголовочные файлы\Concepts</Filter>
    </ClInclude>
    <ClInclude Include="..\..\include\MetaCFD\Algorithms\refine_mesh.hpp">
      <Filter>Заголовочные файлы\Algorithms</Filter>
    </ClInclude>
    <ClInclude Include="..\..\include\MetaCFD\Algorithms\refine_delaunay_triangulation.hpp">
      <Filter>Заголовочные файлы\Algorithms</Filter>
    </ClInclude>
  </ItemGroup>
</Project>