<?xml version="1.0" encoding="utf-8"?>
<Project ToolsVersion="4.0" xmlns="http://schemas.microsoft.com/developer/msbuild/2003">
  <ItemGroup>
    <Filter Include="Файлы исходного кода">
      <UniqueIdentifier>{4FC737F1-C7A5-4376-A066-2A32D752A2FF}</UniqueIdentifier>
      <Extensions>cpp;c;cc;cxx;def;odl;idl;hpj;bat;asm;asmx</Extensions>
    </Filter>
    <Filter Include="Заголовочные файлы">
      <UniqueIdentifier>{93995380-89BD-4b04-88EB-625FBE52EBFB}</UniqueIdentifier>
      <Extensions>h;hh;hpp;hxx;hm;inl;inc;xsd</Extensions>
    </Filter>
    <Filter Include="Файлы ресурсов">
      <UniqueIdentifier>{67DA6AB6-F800-4c08-8B7A-83BB121AAD01}</UniqueIdentifier>
      <Extensions>rc;ico;cur;bmp;dlg;rc2;rct;bin;rgs;gif;jpg;jpeg;jpe;resx;tiff;tif;png;wav;mfcribbon-ms</Extensions>
    </Filter>
    <Filter Include="Заголовочные файлы\Concepts">
      <UniqueIdentifier>{7050c7af-cabf-4cdf-ac95-435c37f01a7b}</UniqueIdentifier>
    </Filter>
    <Filter Include="Заголовочные файлы\BuildingBlocks">
      <UniqueIdentifier>{f61de0b6-55c6-417b-aae0-95dfecab776a}</UniqueIdentifier>
    </Filter>
    <Filter Include="Заголовочные файлы\BuildingBlocks\DataStructures">
      <UniqueIdentifier>{0e32c2e8-a692-4b44-8d09-1f3d45f1751c}</UniqueIdentifier>
    </Filter>
    <Filter Include="Заголовочные файлы\BuildingBlocks\BoundaryConditions">
      <UniqueIdentifier>{33161dad-254b-4556-9a06-74399965e846}</UniqueIdentifier>
    </Filter>
    <Filter Include="Заголовочные файлы\BuildingBlocks\IOProviders">
      <UniqueIdentifier>{57411688-c192-4d71-bff6-17e9cd7c2913}</UniqueIdentifier>
    </Filter>
    <Filter Include="Заголовочные файлы\BuildingBlocks\CFDSolvers">
      <UniqueIdentifier>{e259d9e6-34e3-4c50-81cb-d37d939cb2d1}</UniqueIdentifier>
    </Filter>
    <Filter Include="Заголовочные файлы\BuildingBlocks\Mediums">
      <UniqueIdentifier>{f611c3b4-84a3-4d20-83d7-cddf0d3793d3}</UniqueIdentifier>
    </Filter>
  </ItemGroup>
  <ItemGroup>
    <ClCompile Include="main.cpp">
      <Filter>Файлы исходного кода</Filter>
    </ClCompile>
  </ItemGroup>
  <ItemGroup>
    <ClInclude Include="..\..\include\MetaCFD\Concepts\CellComplex.hpp">
      <Filter>Заголовочные файлы\Concepts</Filter>
    </ClInclude>
    <ClInclude Include="..\..\include\MetaCFD\Concepts\Polytope.hpp">
      <Filter>Заголовочные файлы\Concepts</Filter>
    </ClInclude>
    <ClInclude Include="..\..\include\MetaCFD\Concepts\Tensor.hpp">
      <Filter>Заголовочные файлы\Concepts</Filter>
    </ClInclude>
    <ClInclude Include="..\..\include\MetaCFD\Concepts\TensorField.hpp">
      <Filter>Заголовочные файлы\Concepts</Filter>
    </ClInclude>
    <ClInclude Include="..\..\include\MetaCFD\Concepts\Manifold.hpp">
      <Filter>Заголовочные файлы\Concepts</Filter>
    </ClInclude>
    <ClInclude Include="..\..\include\MetaCFD\Concepts\Quantity.hpp">
      <Filter>Заголовочные файлы\Concepts</Filter>
    </ClInclude>
    <ClInclude Include="..\..\include\MetaCFD\Concepts\VectorQuantity.hpp">
      <Filter>Заголовочные файлы\Concepts</Filter>
    </ClInclude>
    <ClInclude Include="..\..\include\MetaCFD\BuildingBlocks\Mediums\IdealGas.hpp">
      <Filter>Заголовочные файлы\BuildingBlocks\Mediums</Filter>
    </ClInclude>
    <ClInclude Include="..\..\include\MetaCFD\BuildingBlocks\CFDSolvers\MOOD_Solver.hpp">
      <Filter>Заголовочные файлы\BuildingBlocks\CFDSolvers</Filter>
    </ClInclude>
    <ClInclude Include="..\..\include\MetaCFD\Concepts\Vector.hpp">
      <Filter>Заголовочные файлы\Concepts</Filter>
    </ClInclude>
    <ClInclude Include="..\..\include\MetaCFD\metacfd.hpp">
      <Filter>Заголовочные файлы</Filter>
    </ClInclude>
  </ItemGroup>
</Project>